// !$*UTF8*$!
{
	archiveVersion = 1;
	classes = {
	};
	objectVersion = 46;
	objects = {

/* Begin PBXBuildFile section */
		D9EF1C291B48543F0097C300 /* main.m in Sources */ = {isa = PBXBuildFile; fileRef = D9EF1C281B48543F0097C300 /* main.m */; };
		D9EF1C331B48FFB00097C300 /* BNRItem.m in Sources */ = {isa = PBXBuildFile; fileRef = D9EF1C321B48FFB00097C300 /* BNRItem.m */; };
/* End PBXBuildFile section */

/* Begin PBXCopyFilesBuildPhase section */
		D9EF1C231B48543F0097C300 /* CopyFiles */ = {
			isa = PBXCopyFilesBuildPhase;
			buildActionMask = 2147483647;
			dstPath = /usr/share/man/man1/;
			dstSubfolderSpec = 0;
			files = (
			);
			runOnlyForDeploymentPostprocessing = 1;
		};
/* End PBXCopyFilesBuildPhase section */

/* Begin PBXFileReference section */
		D9EF1C251B48543F0097C300 /* ch2comline */ = {isa = PBXFileReference; explicitFileType = "compiled.mach-o.executable"; includeInIndex = 0; path = ch2comline; sourceTree = BUILT_PRODUCTS_DIR; };
		D9EF1C281B48543F0097C300 /* main.m */ = {isa = PBXFileReference; lastKnownFileType = sourcecode.c.objc; path = main.m; sourceTree = "<group>"; };
		D9EF1C311B48FFB00097C300 /* BNRItem.h */ = {isa = PBXFileReference; fileEncoding = 4; lastKnownFileType = sourcecode.c.h; path = BNRItem.h; sourceTree = "<group>"; };
		D9EF1C321B48FFB00097C300 /* BNRItem.m */ = {isa = PBXFileReference; fileEncoding = 4; lastKnownFileType = sourcecode.c.objc; path = BNRItem.m; sourceTree = "<group>"; };
/* End PBXFileReference section */

/* Begin PBXFrameworksBuildPhase section */
		D9EF1C221B48543F0097C300 /* Frameworks */ = {
			isa = PBXFrameworksBuildPhase;
			buildActionMask = 2147483647;
			files = (
			);
			runOnlyForDeploymentPostprocessing = 0;
		};
/* End PBXFrameworksBuildPhase section */

/* Begin PBXGroup section */
		D9EF1C1C1B48543F0097C300 = {
			isa = PBXGroup;
			children = (
				D9EF1C271B48543F0097C300 /* ch2comline */,
				D9EF1C261B48543F0097C300 /* Products */,
			);
			sourceTree = "<group>";
		};
		D9EF1C261B48543F0097C300 /* Products */ = {
			isa = PBXGroup;
			children = (
				D9EF1C251B48543F0097C300 /* ch2comline */,
			);
			name = Products;
			sourceTree = "<group>";
		};
		D9EF1C271B48543F0097C300 /* ch2comline */ = {
			isa = PBXGroup;
			children = (
				D9EF1C281B48543F0097C300 /* main.m */,
				D9EF1C311B48FFB00097C300 /* BNRItem.h */,
				D9EF1C321B48FFB00097C300 /* BNRItem.m */,
			);
			path = ch2comline;
			sourceTree = "<group>";
		};
/* End PBXGroup section */

/* Begin PBXNativeTarget section */
		D9EF1C241B48543F0097C300 /* ch2comline */ = {
			isa = PBXNativeTarget;
			buildConfigurationList = D9EF1C2C1B48543F0097C300 /* Build configuration list for PBXNativeTarget "ch2comline" */;
			buildPhases = (
				D9EF1C211B48543F0097C300 /* Sources */,
				D9EF1C221B48543F0097C300 /* Frameworks */,
				D9EF1C231B48543F0097C300 /* CopyFiles */,
			);
			buildRules = (
			);
			dependencies = (
			);
			name = ch2comline;
			productName = ch2comline;
			productReference = D9EF1C251B48543F0097C300 /* ch2comline */;
			productType = "com.apple.product-type.tool";
		};
/* End PBXNativeTarget section */

/* Begin PBXProject section */
		D9EF1C1D1B48543F0097C300 /* Project object */ = {
			isa = PBXProject;
			attributes = {
				LastUpgradeCheck = 0620;
				ORGANIZATIONNAME = "edward nguyen";
				TargetAttributes = {
					D9EF1C241B48543F0097C300 = {
						CreatedOnToolsVersion = 6.2;
					};
				};
			};
			buildConfigurationList = D9EF1C201B48543F0097C300 /* Build configuration list for PBXProject "ch2comline" */;
			compatibilityVersion = "Xcode 3.2";
			developmentRegion = English;
			hasScannedForEncodings = 0;
			knownRegions = (
				en,
			);
			mainGroup = D9EF1C1C1B48543F0097C300;
			productRefGroup = D9EF1C261B48543F0097C300 /* Products */;
			projectDirPath = "";
			projectRoot = "";
			targets = (
				D9EF1C241B48543F0097C300 /* ch2comline */,
			);
		};
/* End PBXProject section */

/* Begin PBXSourcesBuildPhase section */
		D9EF1C211B48543F0097C300 /* Sources */ = {
			isa = PBXSourcesBuildPhase;
			buildActionMask = 2147483647;
			files = (
				D9EF1C291B48543F0097C300 /* main.m in Sources */,
				D9EF1C331B48FFB00097C300 /* BNRItem.m in Sources */,
			);
			runOnlyForDeploymentPostprocessing = 0;
		};
/* End PBXSourcesBuildPhase section */

/* Begin XCBuildConfiguration section */
		D9EF1C2A1B48543F0097C300 /* Debug */ = {
			isa = XCBuildConfiguration;
			buildSettings = {
				ALWAYS_SEARCH_USER_PATHS = NO;
				CLANG_CXX_LANGUAGE_STANDARD = "gnu++0x";
				CLANG_CXX_LIBRARY = "libc++";
				CLANG_ENABLE_MODULES = YES;
				CLANG_ENABLE_OBJC_ARC = YES;
				CLANG_WARN_BOOL_CONVERSION = YES;
				CLANG_WARN_CONSTANT_CONVERSION = YES;
				CLANG_WARN_DIRECT_OBJC_ISA_USAGE = YES_ERROR;
				CLANG_WARN_EMPTY_BODY = YES;
				CLANG_WARN_ENUM_CONVERSION = YES;
				CLANG_WARN_INT_CONVERSION = YES;
				CLANG_WARN_OBJC_ROOT_CLASS = YES_ERROR;
				CLANG_WARN_UNREACHABLE_CODE = YES;
				CLANG_WARN__DUPLICATE_METHOD_MATCH = YES;
				COPY_PHASE_STRIP = NO;
				ENABLE_STRICT_OBJC_MSGSEND = YES;
				GCC_C_LANGUAGE_STANDARD = gnu99;
				GCC_DYNAMIC_NO_PIC = NO;
				GCC_OPTIMIZATION_LEVEL = 0;
				GCC_PREPROCESSOR_DEFINITIONS = (
					"DEBUG=1",
					"$(inherited)",
				);
				GCC_SYMBOLS_PRIVATE_EXTERN = NO;
				GCC_WARN_64_TO_32_BIT_CONVERSION = YES;
				GCC_WARN_ABOUT_RETURN_TYPE = YES_ERROR;
				GCC_WARN_UNDECLARED_SELECTOR = YES;
				GCC_WARN_UNINITIALIZED_AUTOS = YES_AGGRESSIVE;
				GCC_WARN_UNUSED_FUNCTION = YES;
				GCC_WARN_UNUSED_VARIABLE = YES;
				MACOSX_DEPLOYMENT_TARGET = 10.9;
				MTL_ENABLE_DEBUG_INFO = YES;
				ONLY_ACTIVE_ARCH = YES;
				SDKROOT = macosx;
			};
			name = Debug;
		};
		D9EF1C2B1B48543F0097C300 /* Release */ = {
			isa = XCBuildConfiguration;
			buildSettings = {
				ALWAYS_SEARCH_USER_PATHS = NO;
				CLANG_CXX_LANGUAGE_STANDARD = "gnu++0x";
				CLANG_CXX_LIBRARY = "libc++";
				CLANG_ENABLE_MODULES = YES;
				CLANG_ENABLE_OBJC_ARC = YES;
				CLANG_WARN_BOOL_CONVERSION = YES;
				CLANG_WARN_CONSTANT_CONVERSION = YES;
				CLANG_WARN_DIRECT_OBJC_ISA_USAGE = YES_ERROR;
				CLANG_WARN_EMPTY_BODY = YES;
				CLANG_WARN_ENUM_CONVERSION = YES;
				CLANG_WARN_INT_CONVERSION = YES;
				CLANG_WARN_OBJC_ROOT_CLASS = YES_ERROR;
				CLANG_WARN_UNREACHABLE_CODE = YES;
				CLANG_WARN__DUPLICATE_METHOD_MATCH = YES;
				COPY_PHASE_STRIP = NO;
				DEBUG_INFORMATION_FORMAT = "dwarf-with-dsym";
				ENABLE_NS_ASSERTIONS = NO;
				ENABLE_STRICT_OBJC_MSGSEND = YES;
				GCC_C_LANGUAGE_STANDARD = gnu99;
				GCC_WARN_64_TO_32_BIT_CONVERSION = YES;
				GCC_WARN_ABOUT_RETURN_TYPE = YES_ERROR;
				GCC_WARN_UNDECLARED_SELECTOR = YES;
				GCC_WARN_UNINITIALIZED_AUTOS = YES_AGGRESSIVE;
				GCC_WARN_UNUSED_FUNCTION = YES;
				GCC_WARN_UNUSED_VARIABLE = YES;
				MACOSX_DEPLOYMENT_TARGET = 10.9;
				MTL_ENABLE_DEBUG_INFO = NO;
				SDKROOT = macosx;
			};
			name = Release;
		};
		D9EF1C2D1B48543F0097C300 /* Debug */ = {
			isa = XCBuildConfiguration;
			buildSettings = {
				PRODUCT_NAME = "$(TARGET_NAME)";
			};
			name = Debug;
		};
		D9EF1C2E1B48543F0097C300 /* Release */ = {
			isa = XCBuildConfiguration;
			buildSettings = {
				PRODUCT_NAME = "$(TARGET_NAME)";
			};
			name = Release;
		};
/* End XCBuildConfiguration section */

/* Begin XCConfigurationList section */
		D9EF1C201B48543F0097C300 /* Build configuration list for PBXProject "ch2comline" */ = {
			isa = XCConfigurationList;
			buildConfigurations = (
				D9EF1C2A1B48543F0097C300 /* Debug */,
				D9EF1C2B1B48543F0097C300 /* Release */,
			);
			defaultConfigurationIsVisible = 0;
			defaultConfigurationName = Release;
		};
		D9EF1C2C1B48543F0097C300 /* Build configuration list for PBXNativeTarget "ch2comline" */ = {
			isa = XCConfigurationList;
			buildConfigurations = (
				D9EF1C2D1B48543F0097C300 /* Debug */,
				D9EF1C2E1B48543F0097C300 /* Release */,
			);
			defaultConfigurationIsVisible = 0;
		};
/* End XCConfigurationList section */
	};
	rootObject = D9EF1C1D1B48543F0097C300 /* Project object */;
}
