// !$*UTF8*$!
{
	archiveVersion = 1;
	classes = {
	};
	objectVersion = 46;
	objects = {

/* Begin PBXBuildFile section */
		D9454C111B8252EC00035AEA /* main.m in Sources */ = {isa = PBXBuildFile; fileRef = D9454C101B8252EC00035AEA /* main.m */; };
		D9454C1B1B82545000035AEA /* SOPMathComputation.m in Sources */ = {isa = PBXBuildFile; fileRef = D9454C1A1B82545000035AEA /* SOPMathComputation.m */; };
/* End PBXBuildFile section */

/* Begin PBXCopyFilesBuildPhase section */
		D9454C0B1B8252EC00035AEA /* CopyFiles */ = {
			isa = PBXCopyFilesBuildPhase;
			buildActionMask = 2147483647;
			dstPath = /usr/share/man/man1/;
			dstSubfolderSpec = 0;
			files = (
			);
			runOnlyForDeploymentPostprocessing = 1;
		};
/* End PBXCopyFilesBuildPhase section */

/* Begin PBXFileReference section */
		D9454C0D1B8252EC00035AEA /* SOPSumOfPrimes */ = {isa = PBXFileReference; explicitFileType = "compiled.mach-o.executable"; includeInIndex = 0; path = SOPSumOfPrimes; sourceTree = BUILT_PRODUCTS_DIR; };
		D9454C101B8252EC00035AEA /* main.m */ = {isa = PBXFileReference; lastKnownFileType = sourcecode.c.objc; path = main.m; sourceTree = "<group>"; };
		D9454C191B82545000035AEA /* SOPMathComputation.h */ = {isa = PBXFileReference; fileEncoding = 4; lastKnownFileType = sourcecode.c.h; path = SOPMathComputation.h; sourceTree = "<group>"; };
		D9454C1A1B82545000035AEA /* SOPMathComputation.m */ = {isa = PBXFileReference; fileEncoding = 4; lastKnownFileType = sourcecode.c.objc; path = SOPMathComputation.m; sourceTree = "<group>"; };
/* End PBXFileReference section */

/* Begin PBXFrameworksBuildPhase section */
		D9454C0A1B8252EC00035AEA /* Frameworks */ = {
			isa = PBXFrameworksBuildPhase;
			buildActionMask = 2147483647;
			files = (
			);
			runOnlyForDeploymentPostprocessing = 0;
		};
/* End PBXFrameworksBuildPhase section */

/* Begin PBXGroup section */
		D9454C041B8252EC00035AEA = {
			isa = PBXGroup;
			children = (
				D9454C0F1B8252EC00035AEA /* SOPSumOfPrimes */,
				D9454C0E1B8252EC00035AEA /* Products */,
			);
			sourceTree = "<group>";
		};
		D9454C0E1B8252EC00035AEA /* Products */ = {
			isa = PBXGroup;
			children = (
				D9454C0D1B8252EC00035AEA /* SOPSumOfPrimes */,
			);
			name = Products;
			sourceTree = "<group>";
		};
		D9454C0F1B8252EC00035AEA /* SOPSumOfPrimes */ = {
			isa = PBXGroup;
			children = (
				D9454C101B8252EC00035AEA /* main.m */,
				D9454C191B82545000035AEA /* SOPMathComputation.h */,
				D9454C1A1B82545000035AEA /* SOPMathComputation.m */,
			);
			path = SOPSumOfPrimes;
			sourceTree = "<group>";
		};
/* End PBXGroup section */

/* Begin PBXNativeTarget section */
		D9454C0C1B8252EC00035AEA /* SOPSumOfPrimes */ = {
			isa = PBXNativeTarget;
			buildConfigurationList = D9454C141B8252EC00035AEA /* Build configuration list for PBXNativeTarget "SOPSumOfPrimes" */;
			buildPhases = (
				D9454C091B8252EC00035AEA /* Sources */,
				D9454C0A1B8252EC00035AEA /* Frameworks */,
				D9454C0B1B8252EC00035AEA /* CopyFiles */,
			);
			buildRules = (
			);
			dependencies = (
			);
			name = SOPSumOfPrimes;
			productName = SOPSumOfPrimes;
			productReference = D9454C0D1B8252EC00035AEA /* SOPSumOfPrimes */;
			productType = "com.apple.product-type.tool";
		};
/* End PBXNativeTarget section */

/* Begin PBXProject section */
		D9454C051B8252EC00035AEA /* Project object */ = {
			isa = PBXProject;
			attributes = {
				LastUpgradeCheck = 0640;
				ORGANIZATIONNAME = "edward nguyen";
				TargetAttributes = {
					D9454C0C1B8252EC00035AEA = {
						CreatedOnToolsVersion = 6.4;
					};
				};
			};
			buildConfigurationList = D9454C081B8252EC00035AEA /* Build configuration list for PBXProject "SOPSumOfPrimes" */;
			compatibilityVersion = "Xcode 3.2";
			developmentRegion = English;
			hasScannedForEncodings = 0;
			knownRegions = (
				en,
			);
			mainGroup = D9454C041B8252EC00035AEA;
			productRefGroup = D9454C0E1B8252EC00035AEA /* Products */;
			projectDirPath = "";
			projectRoot = "";
			targets = (
				D9454C0C1B8252EC00035AEA /* SOPSumOfPrimes */,
			);
		};
/* End PBXProject section */

/* Begin PBXSourcesBuildPhase section */
		D9454C091B8252EC00035AEA /* Sources */ = {
			isa = PBXSourcesBuildPhase;
			buildActionMask = 2147483647;
			files = (
				D9454C1B1B82545000035AEA /* SOPMathComputation.m in Sources */,
				D9454C111B8252EC00035AEA /* main.m in Sources */,
			);
			runOnlyForDeploymentPostprocessing = 0;
		};
/* End PBXSourcesBuildPhase section */

/* Begin XCBuildConfiguration section */
		D9454C121B8252EC00035AEA /* Debug */ = {
			isa = XCBuildConfiguration;
			buildSettings = {
				ALWAYS_SEARCH_USER_PATHS = NO;
				CLANG_CXX_LANGUAGE_STANDARD = "gnu++0x";
				CLANG_CXX_LIBRARY = "libc++";
				CLANG_ENABLE_MODULES = YES;
				CLANG_ENABLE_OBJC_ARC = YES;
				CLANG_WARN_BOOL_CONVERSION = YES;
				CLANG_WARN_CONSTANT_CONVERSION = YES;
				CLANG_WARN_DIRECT_OBJC_ISA_USAGE = YES_ERROR;
				CLANG_WARN_EMPTY_BODY = YES;
				CLANG_WARN_ENUM_CONVERSION = YES;
				CLANG_WARN_INT_CONVERSION = YES;
				CLANG_WARN_OBJC_ROOT_CLASS = YES_ERROR;
				CLANG_WARN_UNREACHABLE_CODE = YES;
				CLANG_WARN__DUPLICATE_METHOD_MATCH = YES;
				COPY_PHASE_STRIP = NO;
				DEBUG_INFORMATION_FORMAT = dwarf;
				ENABLE_STRICT_OBJC_MSGSEND = YES;
				GCC_C_LANGUAGE_STANDARD = gnu99;
				GCC_DYNAMIC_NO_PIC = NO;
				GCC_NO_COMMON_BLOCKS = YES;
				GCC_OPTIMIZATION_LEVEL = 0;
				GCC_PREPROCESSOR_DEFINITIONS = (
					"DEBUG=1",
					"$(inherited)",
				);
				GCC_SYMBOLS_PRIVATE_EXTERN = NO;
				GCC_WARN_64_TO_32_BIT_CONVERSION = YES;
				GCC_WARN_ABOUT_RETURN_TYPE = YES_ERROR;
				GCC_WARN_UNDECLARED_SELECTOR = YES;
				GCC_WARN_UNINITIALIZED_AUTOS = YES_AGGRESSIVE;
				GCC_WARN_UNUSED_FUNCTION = YES;
				GCC_WARN_UNUSED_VARIABLE = YES;
				MACOSX_DEPLOYMENT_TARGET = 10.10;
				MTL_ENABLE_DEBUG_INFO = YES;
				ONLY_ACTIVE_ARCH = YES;
				SDKROOT = macosx;
			};
			name = Debug;
		};
		D9454C131B8252EC00035AEA /* Release */ = {
			isa = XCBuildConfiguration;
			buildSettings = {
				ALWAYS_SEARCH_USER_PATHS = NO;
				CLANG_CXX_LANGUAGE_STANDARD = "gnu++0x";
				CLANG_CXX_LIBRARY = "libc++";
				CLANG_ENABLE_MODULES = YES;
				CLANG_ENABLE_OBJC_ARC = YES;
				CLANG_WARN_BOOL_CONVERSION = YES;
				CLANG_WARN_CONSTANT_CONVERSION = YES;
				CLANG_WARN_DIRECT_OBJC_ISA_USAGE = YES_ERROR;
				CLANG_WARN_EMPTY_BODY = YES;
				CLANG_WARN_ENUM_CONVERSION = YES;
				CLANG_WARN_INT_CONVERSION = YES;
				CLANG_WARN_OBJC_ROOT_CLASS = YES_ERROR;
				CLANG_WARN_UNREACHABLE_CODE = YES;
				CLANG_WARN__DUPLICATE_METHOD_MATCH = YES;
				COPY_PHASE_STRIP = NO;
				DEBUG_INFORMATION_FORMAT = "dwarf-with-dsym";
				ENABLE_NS_ASSERTIONS = NO;
				ENABLE_STRICT_OBJC_MSGSEND = YES;
				GCC_C_LANGUAGE_STANDARD = gnu99;
				GCC_NO_COMMON_BLOCKS = YES;
				GCC_WARN_64_TO_32_BIT_CONVERSION = YES;
				GCC_WARN_ABOUT_RETURN_TYPE = YES_ERROR;
				GCC_WARN_UNDECLARED_SELECTOR = YES;
				GCC_WARN_UNINITIALIZED_AUTOS = YES_AGGRESSIVE;
				GCC_WARN_UNUSED_FUNCTION = YES;
				GCC_WARN_UNUSED_VARIABLE = YES;
				MACOSX_DEPLOYMENT_TARGET = 10.10;
				MTL_ENABLE_DEBUG_INFO = NO;
				SDKROOT = macosx;
			};
			name = Release;
		};
		D9454C151B8252EC00035AEA /* Debug */ = {
			isa = XCBuildConfiguration;
			buildSettings = {
				PRODUCT_NAME = "$(TARGET_NAME)";
			};
			name = Debug;
		};
		D9454C161B8252EC00035AEA /* Release */ = {
			isa = XCBuildConfiguration;
			buildSettings = {
				PRODUCT_NAME = "$(TARGET_NAME)";
			};
			name = Release;
		};
/* End XCBuildConfiguration section */

/* Begin XCConfigurationList section */
		D9454C081B8252EC00035AEA /* Build configuration list for PBXProject "SOPSumOfPrimes" */ = {
			isa = XCConfigurationList;
			buildConfigurations = (
				D9454C121B8252EC00035AEA /* Debug */,
				D9454C131B8252EC00035AEA /* Release */,
			);
			defaultConfigurationIsVisible = 0;
			defaultConfigurationName = Release;
		};
		D9454C141B8252EC00035AEA /* Build configuration list for PBXNativeTarget "SOPSumOfPrimes" */ = {
			isa = XCConfigurationList;
			buildConfigurations = (
				D9454C151B8252EC00035AEA /* Debug */,
				D9454C161B8252EC00035AEA /* Release */,
			);
			defaultConfigurationIsVisible = 0;
		};
/* End XCConfigurationList section */
	};
	rootObject = D9454C051B8252EC00035AEA /* Project object */;
}
